
Microsoft Visual Studio Solution File, Format Version 12.00
# Visual Studio Version 17
VisualStudioVersion = 17.5.33530.505
MinimumVisualStudioVersion = 10.0.40219.1
Project("{9A19103F-16F7-4668-BE54-9A1E7A4F7556}") = "minimalApi", "minimalApi.csproj", "{854502DC-3468-41A2-835F-FEC2729E4882}"
EndProject
Global
	GlobalSection(SolutionConfigurationPlatforms) = preSolution
		Debug|Any CPU = Debug|Any CPU
		Release|Any CPU = Release|Any CPU
	EndGlobalSection
	GlobalSection(ProjectConfigurationPlatforms) = postSolution
		{854502DC-3468-41A2-835F-FEC2729E4882}.Debug|Any CPU.ActiveCfg = Debug|Any CPU
		{854502DC-3468-41A2-835F-FEC2729E4882}.Debug|Any CPU.Build.0 = Debug|Any CPU
		{854502DC-3468-41A2-835F-FEC2729E4882}.Release|Any CPU.ActiveCfg = Release|Any CPU
		{854502DC-3468-41A2-835F-FEC2729E4882}.Release|Any CPU.Build.0 = Release|Any CPU
	EndGlobalSection
	GlobalSection(SolutionProperties) = preSolution
		HideSolutionNode = FALSE
	EndGlobalSection
	GlobalSection(ExtensibilityGlobals) = postSolution
		SolutionGuid = {E248F66F-6A62-40AA-A6A4-A10BBE81BD1C}
	EndGlobalSection
EndGlobal
